<?xml version="1.0" encoding="utf-8"?>
<Project ToolsVersion="4.0" xmlns="http://schemas.microsoft.com/developer/msbuild/2003">
  <ItemGroup>
    <Filter Include="Source Files">
      <UniqueIdentifier>{4FC737F1-C7A5-4376-A066-2A32D752A2FF}</UniqueIdentifier>
      <Extensions>cpp;c;cc;cxx;def;odl;idl;hpj;bat;asm;asmx</Extensions>
    </Filter>
    <Filter Include="Header Files">
      <UniqueIdentifier>{93995380-89BD-4b04-88EB-625FBE52EBFB}</UniqueIdentifier>
      <Extensions>h;hpp;hxx;hm;inl;inc;xsd</Extensions>
    </Filter>
    <Filter Include="Resource Files">
      <UniqueIdentifier>{67DA6AB6-F800-4c08-8B7A-83BB121AAD01}</UniqueIdentifier>
      <Extensions>rc;ico;cur;bmp;dlg;rc2;rct;bin;rgs;gif;jpg;jpeg;jpe;resx;tiff;tif;png;wav</Extensions>
    </Filter>
    <Filter Include="Blocks">
      <UniqueIdentifier>{7BF91F5E-B459-4C4F-AAC6-DBB635B0C795}</UniqueIdentifier>
    </Filter>
    <Filter Include="Blocks\OSC">
      <UniqueIdentifier>{EA77E63B-E67C-4FB8-AE98-0E374EFFD3D7}</UniqueIdentifier>
    </Filter>
    <Filter Include="Blocks\v1">
      <UniqueIdentifier>{4ee9009e-47be-4294-a72b-95a03e8d8c1d}</UniqueIdentifier>
    </Filter>
    <Filter Include="Blocks\v2">
      <UniqueIdentifier>{992F4729-86DE-4471-8C21-4334D0EAFE87}</UniqueIdentifier>
    </Filter>
    <Filter Include="Blocks\VNM">
      <UniqueIdentifier>{c2556b12-30fc-4505-b3a9-9c09e412ff3d}</UniqueIdentifier>
    </Filter>
  </ItemGroup>
  <ItemGroup>
    <ClCompile Include="..\src\KinServerApp.cpp">
      <Filter>Source Files</Filter>
    </ClCompile>
    <ClCompile Include="..\src\KinServerApp.cpp">
      <Filter>Source Files</Filter>
    </ClCompile>
    <ClCompile Include="..\..\Cinder\blocks\Cinder-KinectSDK\v2\src\KCBFrames.cpp">
      <Filter>Blocks\v2</Filter>
    </ClCompile>
    <ClCompile Include="..\..\Cinder\blocks\Cinder-KinectSDK\v2\src\KCBSensor.cpp">
      <Filter>Blocks\v2</Filter>
    </ClCompile>
    <ClCompile Include="..\..\Cinder\blocks\Cinder-KinectSDK\v2\src\KCBv2Lib.cpp">
      <Filter>Blocks\v2</Filter>
    </ClCompile>
    <ClCompile Include="..\..\Cinder\blocks\Cinder-KinectSDK\v2\src\KinectList.cpp">
      <Filter>Blocks\v2</Filter>
    </ClCompile>
    <ClCompile Include="..\..\Cinder\blocks\Cinder-KinectSDK\v1\src\CoordinateMapper.cpp">
      <Filter>Blocks\v1</Filter>
    </ClCompile>
    <ClCompile Include="..\..\Cinder\blocks\Cinder-KinectSDK\v1\src\DataStream.cpp">
      <Filter>Blocks\v1</Filter>
    </ClCompile>
    <ClCompile Include="..\..\Cinder\blocks\Cinder-KinectSDK\v1\src\DataStreamAudio.cpp">
      <Filter>Blocks\v1</Filter>
    </ClCompile>
    <ClCompile Include="..\..\Cinder\blocks\Cinder-KinectSDK\v1\src\DataStreamColor.cpp">
      <Filter>Blocks\v1</Filter>
    </ClCompile>
    <ClCompile Include="..\..\Cinder\blocks\Cinder-KinectSDK\v1\src\DataStreamDepth.cpp">
      <Filter>Blocks\v1</Filter>
    </ClCompile>
    <ClCompile Include="..\..\Cinder\blocks\Cinder-KinectSDK\v1\src\DataStreamSkeleton.cpp">
      <Filter>Blocks\v1</Filter>
    </ClCompile>
    <ClCompile Include="..\..\Cinder\blocks\Cinder-KinectSDK\v1\src\FaceTracker.cpp">
      <Filter>Blocks\v1</Filter>
    </ClCompile>
    <ClCompile Include="..\..\Cinder\blocks\Cinder-KinectSDK\v1\src\KinectAudioStream.cpp">
      <Filter>Blocks\v1</Filter>
    </ClCompile>
    <ClCompile Include="..\..\Cinder\blocks\Cinder-KinectSDK\v1\src\KinectCommonBridgeLib.cpp">
      <Filter>Blocks\v1</Filter>
    </ClCompile>
    <ClCompile Include="..\..\Cinder\blocks\Cinder-KinectSDK\v1\src\KinectSensor.cpp">
      <Filter>Blocks\v1</Filter>
    </ClCompile>
    <ClCompile Include="..\..\Cinder\blocks\Cinder-KinectSDK\v1\src\MediaBuffer.cpp">
      <Filter>Blocks\v1</Filter>
    </ClCompile>
    <ClCompile Include="..\..\Cinder\blocks\Cinder-KinectSDK\v1\src\SensorManager.cpp">
      <Filter>Blocks\v1</Filter>
    </ClCompile>
    <ClCompile Include="..\..\Cinder\blocks\Cinder-KinectSDK\v1\src\stdafx.cpp">
      <Filter>Blocks\v1</Filter>
    </ClCompile>
    <ClCompile Include="..\..\Cinder\blocks\OSC\src\Osc.cpp">
      <Filter>Blocks\OSC</Filter>
    </ClCompile>
    <ClCompile Include="..\..\Cinder\blocks\Cinder-VNM\src\MiniConfig.cpp">
      <Filter>Blocks\VNM</Filter>
    </ClCompile>
    <ClCompile Include="..\src\BlobTracker.cpp">
      <Filter>Source Files</Filter>
    </ClCompile>
    <ClCompile Include="..\..\Cinder\blocks\Cinder-KinectSDK\KinectDevice.cpp">
      <Filter>Blocks</Filter>
    </ClCompile>
  </ItemGroup>
  <ItemGroup>
    <ClInclude Include="..\include\Resources.h">
      <Filter>Header Files</Filter>
    </ClInclude>
    <ClInclude Include="..\..\Cinder\blocks\Cinder-KinectSDK\v2\src\stdafx.h">
      <Filter>Blocks\v2</Filter>
    </ClInclude>
    <ClInclude Include="..\..\Cinder\blocks\Cinder-KinectSDK\v2\src\KCBSensor.h">
      <Filter>Blocks\v2</Filter>
    </ClInclude>
    <ClInclude Include="..\..\Cinder\blocks\Cinder-KinectSDK\v2\src\KCBv2Lib.h">
      <Filter>Blocks\v2</Filter>
    </ClInclude>
    <ClInclude Include="..\..\Cinder\blocks\Cinder-KinectSDK\v2\src\KinectList.h">
      <Filter>Blocks\v2</Filter>
    </ClInclude>
    <ClInclude Include="..\..\Cinder\blocks\Cinder-KinectSDK\v2\src\AutoLock.h">
      <Filter>Blocks\v2</Filter>
    </ClInclude>
    <ClInclude Include="..\..\Cinder\blocks\Cinder-KinectSDK\v1\src\AutoLock.h">
      <Filter>Blocks\v1</Filter>
    </ClInclude>
    <ClInclude Include="..\..\Cinder\blocks\Cinder-KinectSDK\v1\src\ComSmartPtr.h">
      <Filter>Blocks\v1</Filter>
    </ClInclude>
    <ClInclude Include="..\..\Cinder\blocks\Cinder-KinectSDK\v1\src\CoordinateMapper.h">
      <Filter>Blocks\v1</Filter>
    </ClInclude>
    <ClInclude Include="..\..\Cinder\blocks\Cinder-KinectSDK\v1\src\CriticalSection.h">
      <Filter>Blocks\v1</Filter>
    </ClInclude>
    <ClInclude Include="..\..\Cinder\blocks\Cinder-KinectSDK\v1\src\DataStream.h">
      <Filter>Blocks\v1</Filter>
    </ClInclude>
    <ClInclude Include="..\..\Cinder\blocks\Cinder-KinectSDK\v1\src\DataStreamAudio.h">
      <Filter>Blocks\v1</Filter>
    </ClInclude>
    <ClInclude Include="..\..\Cinder\blocks\Cinder-KinectSDK\v1\src\DataStreamColor.h">
      <Filter>Blocks\v1</Filter>
    </ClInclude>
    <ClInclude Include="..\..\Cinder\blocks\Cinder-KinectSDK\v1\src\DataStreamDepth.h">
      <Filter>Blocks\v1</Filter>
    </ClInclude>
    <ClInclude Include="..\..\Cinder\blocks\Cinder-KinectSDK\v1\src\DataStreamSkeleton.h">
      <Filter>Blocks\v1</Filter>
    </ClInclude>
    <ClInclude Include="..\..\Cinder\blocks\Cinder-KinectSDK\v1\src\FaceTracker.h">
      <Filter>Blocks\v1</Filter>
    </ClInclude>
    <ClInclude Include="..\..\Cinder\blocks\Cinder-KinectSDK\v1\src\KinectAudioStream.h">
      <Filter>Blocks\v1</Filter>
    </ClInclude>
    <ClInclude Include="..\..\Cinder\blocks\Cinder-KinectSDK\v1\src\KinectCommonBridgeLib.h">
      <Filter>Blocks\v1</Filter>
    </ClInclude>
    <ClInclude Include="..\..\Cinder\blocks\Cinder-KinectSDK\v1\src\KinectSensor.h">
      <Filter>Blocks\v1</Filter>
    </ClInclude>
    <ClInclude Include="..\..\Cinder\blocks\Cinder-KinectSDK\v1\src\MediaBuffer.h">
      <Filter>Blocks\v1</Filter>
    </ClInclude>
    <ClInclude Include="..\..\Cinder\blocks\Cinder-KinectSDK\v1\src\SensorManager.h">
      <Filter>Blocks\v1</Filter>
    </ClInclude>
    <ClInclude Include="..\..\Cinder\blocks\Cinder-KinectSDK\v1\src\stdafx.h">
      <Filter>Blocks\v1</Filter>
    </ClInclude>
    <ClInclude Include="..\..\Cinder\blocks\Cinder-KinectSDK\v1\src\targetver.h">
      <Filter>Blocks\v1</Filter>
    </ClInclude>
    <ClInclude Include="..\include\Resources.h">
      <Filter>Resource Files</Filter>
    </ClInclude>
    <ClInclude Include="..\..\Cinder\blocks\OpenCV\CinderOpenCV.h">
      <Filter>Header Files</Filter>
    </ClInclude>
    <ClInclude Include="..\..\Cinder\blocks\OSC\src\Osc.h">
      <Filter>Blocks\OSC</Filter>
    </ClInclude>
    <ClInclude Include="..\..\Cinder\blocks\Cinder-KinectSDK\KinectDevice.h">
      <Filter>Blocks</Filter>
    </ClInclude>
    <ClInclude Include="..\..\Cinder\blocks\Cinder-VNM\include\MiniConfig.h">
      <Filter>Blocks\VNM</Filter>
    </ClInclude>
  </ItemGroup>
  <ItemGroup>
    <ResourceCompile Include="Resources.rc">
      <Filter>Resource Files</Filter>
    </ResourceCompile>
  </ItemGroup>
  <ItemGroup>
    <None Include="..\include\item.def">
      <Filter>Resource Files</Filter>
    </None>
  </ItemGroup>
</Project>